
Microsoft Visual Studio Solution File, Format Version 12.00
# Visual Studio Version 17
VisualStudioVersion = 17.6.33815.320
MinimumVisualStudioVersion = 10.0.40219.1
Project("{FAE04EC0-301F-11D3-BF4B-00C04F79EFBC}") = "pop_dgc", "pop_dgc\pop_dgc.csproj", "{025AF406-B887-498D-B57D-2F7CBB8E582A}"
EndProject
Global
	GlobalSection(SolutionConfigurationPlatforms) = preSolution
		Debug|Any CPU = Debug|Any CPU
		Release|Any CPU = Release|Any CPU
	EndGlobalSection
	GlobalSection(ProjectConfigurationPlatforms) = postSolution
		{025AF406-B887-498D-B57D-2F7CBB8E582A}.Debug|Any CPU.ActiveCfg = Debug|Any CPU
		{025AF406-B887-498D-B57D-2F7CBB8E582A}.Debug|Any CPU.Build.0 = Debug|Any CPU
		{025AF406-B887-498D-B57D-2F7CBB8E582A}.Release|Any CPU.ActiveCfg = Release|Any CPU
		{025AF406-B887-498D-B57D-2F7CBB8E582A}.Release|Any CPU.Build.0 = Release|Any CPU
	EndGlobalSection
	GlobalSection(SolutionProperties) = preSolution
		HideSolutionNode = FALSE
	EndGlobalSection
	GlobalSection(ExtensibilityGlobals) = postSolution
		SolutionGuid = {180765FC-A48B-4978-B3F4-04AFDD7842C6}
	EndGlobalSection
EndGlobal
